// !$*UTF8*$!
{
	archiveVersion = 1;
	classes = {
	};
	objectVersion = 50;
	objects = {

/* Begin PBXBuildFile section */
		28238E12236F6E3B0052CB47 /* unzip.c in Sources */ = {isa = PBXBuildFile; fileRef = 28238E10236F6E3B0052CB47 /* unzip.c */; };
		28238E18236F6FC70052CB47 /* PBWLoader.m in Sources */ = {isa = PBXBuildFile; fileRef = 28238E17236F6FC70052CB47 /* PBWLoader.m */; };
		28238E1A236F80850052CB47 /* miniioapi.c in Sources */ = {isa = PBXBuildFile; fileRef = 28238E19236F80850052CB47 /* miniioapi.c */; };
		28238E1B236F8FCC0052CB47 /* libz.tbd in Frameworks */ = {isa = PBXBuildFile; fileRef = 28238E0B236E592B0052CB47 /* libz.tbd */; };
		2870699B2193759D00D20B89 /* StructTypes.json in Resources */ = {isa = PBXBuildFile; fileRef = 2870699A2193759D00D20B89 /* StructTypes.json */; };
		2870699D2194B53800D20B89 /* api.txt in Resources */ = {isa = PBXBuildFile; fileRef = 2870699C2194B53800D20B89 /* api.txt */; };
		2887385F219205D000E24DC3 /* PebbleLoader.m in Sources */ = {isa = PBXBuildFile; fileRef = 2887385E219205D000E24DC3 /* PebbleLoader.m */; };
		288738822193637400E24DC3 /* PebbleLoader+Types.m in Sources */ = {isa = PBXBuildFile; fileRef = 288738812193637400E24DC3 /* PebbleLoader+Types.m */; };
		28873884219365D300E24DC3 /* EnumTypes.json in Resources */ = {isa = PBXBuildFile; fileRef = 28873883219365D300E24DC3 /* EnumTypes.json */; };
/* End PBXBuildFile section */

/* Begin PBXFileReference section */
		28238E0B236E592B0052CB47 /* libz.tbd */ = {isa = PBXFileReference; lastKnownFileType = "sourcecode.text-based-dylib-definition"; name = libz.tbd; path = usr/lib/libz.tbd; sourceTree = SDKROOT; };
		28238E10236F6E3B0052CB47 /* unzip.c */ = {isa = PBXFileReference; fileEncoding = 4; lastKnownFileType = sourcecode.c.c; path = unzip.c; sourceTree = "<group>"; };
		28238E11236F6E3B0052CB47 /* unzip.h */ = {isa = PBXFileReference; fileEncoding = 4; lastKnownFileType = sourcecode.c.h; path = unzip.h; sourceTree = "<group>"; };
		28238E14236F6E9D0052CB47 /* ioapi.h */ = {isa = PBXFileReference; fileEncoding = 4; lastKnownFileType = sourcecode.c.h; path = ioapi.h; sourceTree = "<group>"; };
		28238E16236F6FC70052CB47 /* PBWLoader.h */ = {isa = PBXFileReference; lastKnownFileType = sourcecode.c.h; path = PBWLoader.h; sourceTree = "<group>"; };
		28238E17236F6FC70052CB47 /* PBWLoader.m */ = {isa = PBXFileReference; lastKnownFileType = sourcecode.c.objc; path = PBWLoader.m; sourceTree = "<group>"; };
		28238E19236F80850052CB47 /* miniioapi.c */ = {isa = PBXFileReference; lastKnownFileType = sourcecode.c.c; path = miniioapi.c; sourceTree = "<group>"; };
		2870699A2193759D00D20B89 /* StructTypes.json */ = {isa = PBXFileReference; lastKnownFileType = text.json; path = StructTypes.json; sourceTree = "<group>"; };
		2870699C2194B53800D20B89 /* api.txt */ = {isa = PBXFileReference; lastKnownFileType = text; path = api.txt; sourceTree = "<group>"; };
		288738542192059A00E24DC3 /* Pebble.hopperLoader */ = {isa = PBXFileReference; explicitFileType = wrapper.cfbundle; includeInIndex = 0; path = Pebble.hopperLoader; sourceTree = BUILT_PRODUCTS_DIR; };
		288738572192059A00E24DC3 /* Info.plist */ = {isa = PBXFileReference; lastKnownFileType = text.plist.xml; path = Info.plist; sourceTree = "<group>"; };
		2887385D219205D000E24DC3 /* PebbleLoader.h */ = {isa = PBXFileReference; lastKnownFileType = sourcecode.c.h; path = PebbleLoader.h; sourceTree = "<group>"; };
		2887385E219205D000E24DC3 /* PebbleLoader.m */ = {isa = PBXFileReference; lastKnownFileType = sourcecode.c.objc; path = PebbleLoader.m; sourceTree = "<group>"; };
		28873862219205DF00E24DC3 /* HPDetectedFileType.h */ = {isa = PBXFileReference; fileEncoding = 4; lastKnownFileType = sourcecode.c.h; path = HPDetectedFileType.h; sourceTree = "<group>"; };
		28873863219205DF00E24DC3 /* HPDocument.h */ = {isa = PBXFileReference; fileEncoding = 4; lastKnownFileType = sourcecode.c.h; path = HPDocument.h; sourceTree = "<group>"; };
		28873864219205DF00E24DC3 /* HPSegment.h */ = {isa = PBXFileReference; fileEncoding = 4; lastKnownFileType = sourcecode.c.h; path = HPSegment.h; sourceTree = "<group>"; };
		28873865219205DF00E24DC3 /* HPTypeEnumField.h */ = {isa = PBXFileReference; fileEncoding = 4; lastKnownFileType = sourcecode.c.h; path = HPTypeEnumField.h; sourceTree = "<group>"; };
		28873866219205DF00E24DC3 /* HPLoaderOptionComponents.h */ = {isa = PBXFileReference; fileEncoding = 4; lastKnownFileType = sourcecode.c.h; path = HPLoaderOptionComponents.h; sourceTree = "<group>"; };
		28873867219205DF00E24DC3 /* HPSection.h */ = {isa = PBXFileReference; fileEncoding = 4; lastKnownFileType = sourcecode.c.h; path = HPSection.h; sourceTree = "<group>"; };
		28873868219205DF00E24DC3 /* FileLoader.h */ = {isa = PBXFileReference; fileEncoding = 4; lastKnownFileType = sourcecode.c.h; path = FileLoader.h; sourceTree = "<group>"; };
		28873869219205DF00E24DC3 /* CPUDefinition.h */ = {isa = PBXFileReference; fileEncoding = 4; lastKnownFileType = sourcecode.c.h; path = CPUDefinition.h; sourceTree = "<group>"; };
		2887386A219205DF00E24DC3 /* HPProcedure.h */ = {isa = PBXFileReference; fileEncoding = 4; lastKnownFileType = sourcecode.c.h; path = HPProcedure.h; sourceTree = "<group>"; };
		2887386B219205DF00E24DC3 /* HPTag.h */ = {isa = PBXFileReference; fileEncoding = 4; lastKnownFileType = sourcecode.c.h; path = HPTag.h; sourceTree = "<group>"; };
		2887386C219205DF00E24DC3 /* DisasmStruct.h */ = {isa = PBXFileReference; fileEncoding = 4; lastKnownFileType = sourcecode.c.h; path = DisasmStruct.h; sourceTree = "<group>"; };
		2887386D219205DF00E24DC3 /* CommonTypes.h */ = {isa = PBXFileReference; fileEncoding = 4; lastKnownFileType = sourcecode.c.h; path = CommonTypes.h; sourceTree = "<group>"; };
		2887386E219205DF00E24DC3 /* Hopper.h */ = {isa = PBXFileReference; fileEncoding = 4; lastKnownFileType = sourcecode.c.h; path = Hopper.h; sourceTree = "<group>"; };
		2887386F219205DF00E24DC3 /* HPCallDestination.h */ = {isa = PBXFileReference; fileEncoding = 4; lastKnownFileType = sourcecode.c.h; path = HPCallDestination.h; sourceTree = "<group>"; };
		28873870219205DF00E24DC3 /* HPHopperServices.h */ = {isa = PBXFileReference; fileEncoding = 4; lastKnownFileType = sourcecode.c.h; path = HPHopperServices.h; sourceTree = "<group>"; };
		28873871219205DF00E24DC3 /* HPMethodSignature.h */ = {isa = PBXFileReference; fileEncoding = 4; lastKnownFileType = sourcecode.c.h; path = HPMethodSignature.h; sourceTree = "<group>"; };
		28873872219205DF00E24DC3 /* CPUContext.h */ = {isa = PBXFileReference; fileEncoding = 4; lastKnownFileType = sourcecode.c.h; path = CPUContext.h; sourceTree = "<group>"; };
		28873873219205DF00E24DC3 /* HPMethodArgument.h */ = {isa = PBXFileReference; fileEncoding = 4; lastKnownFileType = sourcecode.c.h; path = HPMethodArgument.h; sourceTree = "<group>"; };
		28873874219205DF00E24DC3 /* HPTypeDesc.h */ = {isa = PBXFileReference; fileEncoding = 4; lastKnownFileType = sourcecode.c.h; path = HPTypeDesc.h; sourceTree = "<group>"; };
		28873875219205DF00E24DC3 /* HPCallReference.h */ = {isa = PBXFileReference; fileEncoding = 4; lastKnownFileType = sourcecode.c.h; path = HPCallReference.h; sourceTree = "<group>"; };
		28873876219205DF00E24DC3 /* HPDisassembledFile.h */ = {isa = PBXFileReference; fileEncoding = 4; lastKnownFileType = sourcecode.c.h; path = HPDisassembledFile.h; sourceTree = "<group>"; };
		28873877219205DF00E24DC3 /* HopperPlugin.h */ = {isa = PBXFileReference; fileEncoding = 4; lastKnownFileType = sourcecode.c.h; path = HopperPlugin.h; sourceTree = "<group>"; };
		28873878219205DF00E24DC3 /* HPASMLine.h */ = {isa = PBXFileReference; fileEncoding = 4; lastKnownFileType = sourcecode.c.h; path = HPASMLine.h; sourceTree = "<group>"; };
		28873879219205DF00E24DC3 /* HPTypeStructField.h */ = {isa = PBXFileReference; fileEncoding = 4; lastKnownFileType = sourcecode.c.h; path = HPTypeStructField.h; sourceTree = "<group>"; };
		2887387A219205DF00E24DC3 /* HPBasicBlock.h */ = {isa = PBXFileReference; fileEncoding = 4; lastKnownFileType = sourcecode.c.h; path = HPBasicBlock.h; sourceTree = "<group>"; };
		2887387B219205DF00E24DC3 /* HopperTool.h */ = {isa = PBXFileReference; fileEncoding = 4; lastKnownFileType = sourcecode.c.h; path = HopperTool.h; sourceTree = "<group>"; };
		288738812193637400E24DC3 /* PebbleLoader+Types.m */ = {isa = PBXFileReference; lastKnownFileType = sourcecode.c.objc; path = "PebbleLoader+Types.m"; sourceTree = "<group>"; };
		28873883219365D300E24DC3 /* EnumTypes.json */ = {isa = PBXFileReference; lastKnownFileType = text.json; path = EnumTypes.json; sourceTree = "<group>"; };
/* End PBXFileReference section */

/* Begin PBXFrameworksBuildPhase section */
		288738512192059A00E24DC3 /* Frameworks */ = {
			isa = PBXFrameworksBuildPhase;
			buildActionMask = 2147483647;
			files = (
				28238E1B236F8FCC0052CB47 /* libz.tbd in Frameworks */,
			);
			runOnlyForDeploymentPostprocessing = 0;
		};
/* End PBXFrameworksBuildPhase section */

/* Begin PBXGroup section */
		28238E0A236E592B0052CB47 /* Frameworks */ = {
			isa = PBXGroup;
			children = (
				28238E0B236E592B0052CB47 /* libz.tbd */,
			);
			name = Frameworks;
			sourceTree = "<group>";
		};
		28238E0F236F6DFC0052CB47 /* minizip */ = {
			isa = PBXGroup;
			children = (
				28238E14236F6E9D0052CB47 /* ioapi.h */,
				28238E10236F6E3B0052CB47 /* unzip.c */,
				28238E11236F6E3B0052CB47 /* unzip.h */,
			);
			name = minizip;
			path = zlib/contrib/minizip;
			sourceTree = "<group>";
		};
		2887384B2192059A00E24DC3 = {
			isa = PBXGroup;
			children = (
				288738562192059A00E24DC3 /* PebbleLoader */,
				288738552192059A00E24DC3 /* Products */,
				28873860219205DF00E24DC3 /* include */,
				28238E0F236F6DFC0052CB47 /* minizip */,
				28238E0A236E592B0052CB47 /* Frameworks */,
			);
			sourceTree = "<group>";
		};
		288738552192059A00E24DC3 /* Products */ = {
			isa = PBXGroup;
			children = (
				288738542192059A00E24DC3 /* Pebble.hopperLoader */,
			);
			name = Products;
			sourceTree = "<group>";
		};
		288738562192059A00E24DC3 /* PebbleLoader */ = {
			isa = PBXGroup;
			children = (
				288738572192059A00E24DC3 /* Info.plist */,
				2887385D219205D000E24DC3 /* PebbleLoader.h */,
				2887385E219205D000E24DC3 /* PebbleLoader.m */,
				288738812193637400E24DC3 /* PebbleLoader+Types.m */,
				28873883219365D300E24DC3 /* EnumTypes.json */,
				2870699A2193759D00D20B89 /* StructTypes.json */,
				2870699C2194B53800D20B89 /* api.txt */,
				28238E16236F6FC70052CB47 /* PBWLoader.h */,
				28238E17236F6FC70052CB47 /* PBWLoader.m */,
				28238E19236F80850052CB47 /* miniioapi.c */,
			);
			path = PebbleLoader;
			sourceTree = "<group>";
		};
		28873860219205DF00E24DC3 /* include */ = {
			isa = PBXGroup;
			children = (
				28873861219205DF00E24DC3 /* Hopper */,
			);
			name = include;
			path = "HopperSDK-v4/include";
			sourceTree = "<group>";
		};
		28873861219205DF00E24DC3 /* Hopper */ = {
			isa = PBXGroup;
			children = (
				28873862219205DF00E24DC3 /* HPDetectedFileType.h */,
				28873863219205DF00E24DC3 /* HPDocument.h */,
				28873864219205DF00E24DC3 /* HPSegment.h */,
				28873865219205DF00E24DC3 /* HPTypeEnumField.h */,
				28873866219205DF00E24DC3 /* HPLoaderOptionComponents.h */,
				28873867219205DF00E24DC3 /* HPSection.h */,
				28873868219205DF00E24DC3 /* FileLoader.h */,
				28873869219205DF00E24DC3 /* CPUDefinition.h */,
				2887386A219205DF00E24DC3 /* HPProcedure.h */,
				2887386B219205DF00E24DC3 /* HPTag.h */,
				2887386C219205DF00E24DC3 /* DisasmStruct.h */,
				2887386D219205DF00E24DC3 /* CommonTypes.h */,
				2887386E219205DF00E24DC3 /* Hopper.h */,
				2887386F219205DF00E24DC3 /* HPCallDestination.h */,
				28873870219205DF00E24DC3 /* HPHopperServices.h */,
				28873871219205DF00E24DC3 /* HPMethodSignature.h */,
				28873872219205DF00E24DC3 /* CPUContext.h */,
				28873873219205DF00E24DC3 /* HPMethodArgument.h */,
				28873874219205DF00E24DC3 /* HPTypeDesc.h */,
				28873875219205DF00E24DC3 /* HPCallReference.h */,
				28873876219205DF00E24DC3 /* HPDisassembledFile.h */,
				28873877219205DF00E24DC3 /* HopperPlugin.h */,
				28873878219205DF00E24DC3 /* HPASMLine.h */,
				28873879219205DF00E24DC3 /* HPTypeStructField.h */,
				2887387A219205DF00E24DC3 /* HPBasicBlock.h */,
				2887387B219205DF00E24DC3 /* HopperTool.h */,
			);
			path = Hopper;
			sourceTree = "<group>";
		};
/* End PBXGroup section */

/* Begin PBXNativeTarget section */
		288738532192059A00E24DC3 /* PebbleLoader */ = {
			isa = PBXNativeTarget;
			buildConfigurationList = 2887385A2192059A00E24DC3 /* Build configuration list for PBXNativeTarget "PebbleLoader" */;
			buildPhases = (
				288738502192059A00E24DC3 /* Sources */,
				288738512192059A00E24DC3 /* Frameworks */,
				288738522192059A00E24DC3 /* Resources */,
			);
			buildRules = (
			);
			dependencies = (
			);
			name = PebbleLoader;
			productName = PebbleLoader;
			productReference = 288738542192059A00E24DC3 /* Pebble.hopperLoader */;
			productType = "com.apple.product-type.bundle";
		};
/* End PBXNativeTarget section */

/* Begin PBXProject section */
		2887384C2192059A00E24DC3 /* Project object */ = {
			isa = PBXProject;
			attributes = {
				LastUpgradeCheck = 1010;
				ORGANIZATIONNAME = namedfork;
				TargetAttributes = {
					288738532192059A00E24DC3 = {
						CreatedOnToolsVersion = 10.1;
					};
				};
			};
			buildConfigurationList = 2887384F2192059A00E24DC3 /* Build configuration list for PBXProject "PebbleLoader" */;
			compatibilityVersion = "Xcode 9.3";
			developmentRegion = en;
			hasScannedForEncodings = 0;
			knownRegions = (
				en,
			);
			mainGroup = 2887384B2192059A00E24DC3;
			productRefGroup = 288738552192059A00E24DC3 /* Products */;
			projectDirPath = "";
			projectRoot = "";
			targets = (
				288738532192059A00E24DC3 /* PebbleLoader */,
			);
		};
/* End PBXProject section */

/* Begin PBXResourcesBuildPhase section */
		288738522192059A00E24DC3 /* Resources */ = {
			isa = PBXResourcesBuildPhase;
			buildActionMask = 2147483647;
			files = (
				2870699D2194B53800D20B89 /* api.txt in Resources */,
				2870699B2193759D00D20B89 /* StructTypes.json in Resources */,
				28873884219365D300E24DC3 /* EnumTypes.json in Resources */,
			);
			runOnlyForDeploymentPostprocessing = 0;
		};
/* End PBXResourcesBuildPhase section */

/* Begin PBXSourcesBuildPhase section */
		288738502192059A00E24DC3 /* Sources */ = {
			isa = PBXSourcesBuildPhase;
			buildActionMask = 2147483647;
			files = (
				28238E12236F6E3B0052CB47 /* unzip.c in Sources */,
				28238E1A236F80850052CB47 /* miniioapi.c in Sources */,
				288738822193637400E24DC3 /* PebbleLoader+Types.m in Sources */,
				2887385F219205D000E24DC3 /* PebbleLoader.m in Sources */,
				28238E18236F6FC70052CB47 /* PBWLoader.m in Sources */,
			);
			runOnlyForDeploymentPostprocessing = 0;
		};
/* End PBXSourcesBuildPhase section */

/* Begin XCBuildConfiguration section */
		288738582192059A00E24DC3 /* Debug */ = {
			isa = XCBuildConfiguration;
			buildSettings = {
				ALWAYS_SEARCH_USER_PATHS = NO;
				CLANG_ANALYZER_NONNULL = YES;
				CLANG_ANALYZER_NUMBER_OBJECT_CONVERSION = YES_AGGRESSIVE;
				CLANG_CXX_LANGUAGE_STANDARD = "gnu++14";
				CLANG_CXX_LIBRARY = "libc++";
				CLANG_ENABLE_MODULES = YES;
				CLANG_ENABLE_OBJC_ARC = YES;
				CLANG_ENABLE_OBJC_WEAK = YES;
				CLANG_WARN_BLOCK_CAPTURE_AUTORELEASING = YES;
				CLANG_WARN_BOOL_CONVERSION = YES;
				CLANG_WARN_COMMA = YES;
				CLANG_WARN_CONSTANT_CONVERSION = YES;
				CLANG_WARN_DEPRECATED_OBJC_IMPLEMENTATIONS = YES;
				CLANG_WARN_DIRECT_OBJC_ISA_USAGE = YES_ERROR;
				CLANG_WARN_DOCUMENTATION_COMMENTS = YES;
				CLANG_WARN_EMPTY_BODY = YES;
				CLANG_WARN_ENUM_CONVERSION = YES;
				CLANG_WARN_INFINITE_RECURSION = YES;
				CLANG_WARN_INT_CONVERSION = YES;
				CLANG_WARN_NON_LITERAL_NULL_CONVERSION = YES;
				CLANG_WARN_OBJC_IMPLICIT_RETAIN_SELF = YES;
				CLANG_WARN_OBJC_LITERAL_CONVERSION = YES;
				CLANG_WARN_OBJC_ROOT_CLASS = YES_ERROR;
				CLANG_WARN_RANGE_LOOP_ANALYSIS = YES;
				CLANG_WARN_STRICT_PROTOTYPES = YES;
				CLANG_WARN_SUSPICIOUS_MOVE = YES;
				CLANG_WARN_UNGUARDED_AVAILABILITY = YES_AGGRESSIVE;
				CLANG_WARN_UNREACHABLE_CODE = YES;
				CLANG_WARN__DUPLICATE_METHOD_MATCH = YES;
				CODE_SIGN_IDENTITY = "Mac Developer";
				COPY_PHASE_STRIP = NO;
				DEBUG_INFORMATION_FORMAT = dwarf;
				ENABLE_STRICT_OBJC_MSGSEND = YES;
				ENABLE_TESTABILITY = YES;
				GCC_C_LANGUAGE_STANDARD = gnu11;
				GCC_DYNAMIC_NO_PIC = NO;
				GCC_NO_COMMON_BLOCKS = YES;
				GCC_OPTIMIZATION_LEVEL = 0;
				GCC_PREPROCESSOR_DEFINITIONS = (
					"DEBUG=1",
					"$(inherited)",
				);
				GCC_WARN_64_TO_32_BIT_CONVERSION = YES;
				GCC_WARN_ABOUT_RETURN_TYPE = YES_ERROR;
				GCC_WARN_UNDECLARED_SELECTOR = YES;
				GCC_WARN_UNINITIALIZED_AUTOS = YES_AGGRESSIVE;
				GCC_WARN_UNUSED_FUNCTION = YES;
				GCC_WARN_UNUSED_VARIABLE = YES;
				HEADER_SEARCH_PATHS = "$(SRCROOT)/HopperSDK-v4/include";
				MACOSX_DEPLOYMENT_TARGET = 10.13;
				MTL_ENABLE_DEBUG_INFO = INCLUDE_SOURCE;
				MTL_FAST_MATH = YES;
				ONLY_ACTIVE_ARCH = YES;
				SDKROOT = macosx;
				VALID_ARCHS = x86_64;
			};
			name = Debug;
		};
		288738592192059A00E24DC3 /* Release */ = {
			isa = XCBuildConfiguration;
			buildSettings = {
				ALWAYS_SEARCH_USER_PATHS = NO;
				CLANG_ANALYZER_NONNULL = YES;
				CLANG_ANALYZER_NUMBER_OBJECT_CONVERSION = YES_AGGRESSIVE;
				CLANG_CXX_LANGUAGE_STANDARD = "gnu++14";
				CLANG_CXX_LIBRARY = "libc++";
				CLANG_ENABLE_MODULES = YES;
				CLANG_ENABLE_OBJC_ARC = YES;
				CLANG_ENABLE_OBJC_WEAK = YES;
				CLANG_WARN_BLOCK_CAPTURE_AUTORELEASING = YES;
				CLANG_WARN_BOOL_CONVERSION = YES;
				CLANG_WARN_COMMA = YES;
				CLANG_WARN_CONSTANT_CONVERSION = YES;
				CLANG_WARN_DEPRECATED_OBJC_IMPLEMENTATIONS = YES;
				CLANG_WARN_DIRECT_OBJC_ISA_USAGE = YES_ERROR;
				CLANG_WARN_DOCUMENTATION_COMMENTS = YES;
				CLANG_WARN_EMPTY_BODY = YES;
				CLANG_WARN_ENUM_CONVERSION = YES;
				CLANG_WARN_INFINITE_RECURSION = YES;
				CLANG_WARN_INT_CONVERSION = YES;
				CLANG_WARN_NON_LITERAL_NULL_CONVERSION = YES;
				CLANG_WARN_OBJC_IMPLICIT_RETAIN_SELF = YES;
				CLANG_WARN_OBJC_LITERAL_CONVERSION = YES;
				CLANG_WARN_OBJC_ROOT_CLASS = YES_ERROR;
				CLANG_WARN_RANGE_LOOP_ANALYSIS = YES;
				CLANG_WARN_STRICT_PROTOTYPES = YES;
				CLANG_WARN_SUSPICIOUS_MOVE = YES;
				CLANG_WARN_UNGUARDED_AVAILABILITY = YES_AGGRESSIVE;
				CLANG_WARN_UNREACHABLE_CODE = YES;
				CLANG_WARN__DUPLICATE_METHOD_MATCH = YES;
				CODE_SIGN_IDENTITY = "Mac Developer";
				COPY_PHASE_STRIP = NO;
				DEBUG_INFORMATION_FORMAT = "dwarf-with-dsym";
				ENABLE_NS_ASSERTIONS = NO;
				ENABLE_STRICT_OBJC_MSGSEND = YES;
				GCC_C_LANGUAGE_STANDARD = gnu11;
				GCC_NO_COMMON_BLOCKS = YES;
				GCC_WARN_64_TO_32_BIT_CONVERSION = YES;
				GCC_WARN_ABOUT_RETURN_TYPE = YES_ERROR;
				GCC_WARN_UNDECLARED_SELECTOR = YES;
				GCC_WARN_UNINITIALIZED_AUTOS = YES_AGGRESSIVE;
				GCC_WARN_UNUSED_FUNCTION = YES;
				GCC_WARN_UNUSED_VARIABLE = YES;
				HEADER_SEARCH_PATHS = "$(SRCROOT)/HopperSDK-v4/include";
				MACOSX_DEPLOYMENT_TARGET = 10.13;
				MTL_ENABLE_DEBUG_INFO = NO;
				MTL_FAST_MATH = YES;
				SDKROOT = macosx;
				VALID_ARCHS = x86_64;
			};
			name = Release;
		};
		2887385B2192059A00E24DC3 /* Debug */ = {
			isa = XCBuildConfiguration;
			buildSettings = {
				CODE_SIGN_IDENTITY = "Apple Development";
				CODE_SIGN_STYLE = Automatic;
				COMBINE_HIDPI_IMAGES = YES;
				CURRENT_PROJECT_VERSION = 2;
				DEVELOPMENT_TEAM = UJXNDZ5TNU;
				ENABLE_HARDENED_RUNTIME = YES;
				INFOPLIST_FILE = PebbleLoader/Info.plist;
				INSTALL_PATH = "$(USER_LIBRARY_DIR)/Application Support/Hopper/PlugIns/v4/Loaders";
				MACOSX_DEPLOYMENT_TARGET = 10.10;
				MARKETING_VERSION = 1.1;
				PRODUCT_BUNDLE_IDENTIFIER = net.namedfork.PebbleLoader;
				PRODUCT_NAME = Pebble;
				SKIP_INSTALL = YES;
				WRAPPER_EXTENSION = hopperLoader;
			};
			name = Debug;
		};
		2887385C2192059A00E24DC3 /* Release */ = {
			isa = XCBuildConfiguration;
			buildSettings = {
				CODE_SIGN_IDENTITY = "Apple Development";
				CODE_SIGN_STYLE = Automatic;
				COMBINE_HIDPI_IMAGES = YES;
				CURRENT_PROJECT_VERSION = 2;
				DEVELOPMENT_TEAM = UJXNDZ5TNU;
				ENABLE_HARDENED_RUNTIME = YES;
				INFOPLIST_FILE = PebbleLoader/Info.plist;
				INSTALL_PATH = "$(USER_LIBRARY_DIR)/Application Support/Hopper/PlugIns/v4/Loaders";
				MACOSX_DEPLOYMENT_TARGET = 10.10;
				MARKETING_VERSION = 1.1;
				PRODUCT_BUNDLE_IDENTIFIER = net.namedfork.PebbleLoader;
				PRODUCT_NAME = Pebble;
				SKIP_INSTALL = YES;
				WRAPPER_EXTENSION = hopperLoader;
			};
			name = Release;
		};
/* End XCBuildConfiguration section */

/* Begin XCConfigurationList section */
		2887384F2192059A00E24DC3 /* Build configuration list for PBXProject "PebbleLoader" */ = {
			isa = XCConfigurationList;
			buildConfigurations = (
				288738582192059A00E24DC3 /* Debug */,
				288738592192059A00E24DC3 /* Release */,
			);
			defaultConfigurationIsVisible = 0;
			defaultConfigurationName = Release;
		};
		2887385A2192059A00E24DC3 /* Build configuration list for PBXNativeTarget "PebbleLoader" */ = {
			isa = XCConfigurationList;
			buildConfigurations = (
				2887385B2192059A00E24DC3 /* Debug */,
				2887385C2192059A00E24DC3 /* Release */,
			);
			defaultConfigurationIsVisible = 0;
			defaultConfigurationName = Release;
		};
/* End XCConfigurationList section */
	};
	rootObject = 2887384C2192059A00E24DC3 /* Project object */;
}
